<?xml version="1.0" encoding="utf-8"?>
<Project ToolsVersion="15.0" xmlns="http://schemas.microsoft.com/developer/msbuild/2003">
  <ItemGroup>
    <Filter Include="Resources">
      <UniqueIdentifier>accd3aa8-1ba0-4223-9bbe-0c431709210b</UniqueIdentifier>
      <Extensions>rc;ico;cur;bmp;dlg;rc2;rct;bin;rgs;gif;jpg;jpeg;jpe;resx;tga;tiff;tif;png;wav;mfcribbon-ms</Extensions>
    </Filter>
    <Filter Include="Generated Files">
      <UniqueIdentifier>{926ab91d-31b4-48c3-b9a4-e681349f27f0}</UniqueIdentifier>
    </Filter>
  </ItemGroup>
  <ItemGroup>
    <ClCompile Include="pch.cpp" />
    <ClCompile Include="$(GeneratedFilesDir)module.g.cpp" />
    <ClCompile Include="coronawinrt.ArrayFieldOptions.cpp" />
    <ClCompile Include="coronawinrt.BaseRequest.cpp" />
    <ClCompile Include="coronawinrt.BaseResponse.cpp" />
    <ClCompile Include="coronawinrt.BasicFilter.cpp" />
    <ClCompile Include="coronawinrt.ClassDefinition.cpp" />
    <ClCompile Include="coronawinrt.ConfirmUserRequest.cpp" />
    <ClCompile Include="coronawinrt.ConfirmUserResponse.cpp" />
    <ClCompile Include="coronawinrt.CopyObjectPath.cpp" />
    <ClCompile Include="coronawinrt.CopyObjectRequest.cpp" />
    <ClCompile Include="coronawinrt.CopyObjectResponse.cpp" />
    <ClCompile Include="coronawinrt.CoronaBaseObject.cpp" />
    <ClCompile Include="coronawinrt.CoronaObject.cpp" />
    <ClCompile Include="coronawinrt.CoronaUser.cpp" />
    <ClCompile Include="coronawinrt.CreateObjectRequest.cpp" />
    <ClCompile Include="coronawinrt.CreateObjectResponse.cpp" />
    <ClCompile Include="coronawinrt.CreateUserRequest.cpp" />
    <ClCompile Include="coronawinrt.CreateUserResponse.cpp" />
    <ClCompile Include="coronawinrt.DateTimeFieldOptions.cpp" />
    <ClCompile Include="coronawinrt.DeleteObjectsRequest.cpp" />
    <ClCompile Include="coronawinrt.DeleteObjectsResponse.cpp" />
    <ClCompile Include="coronawinrt.DoubleFieldOptions.cpp" />
    <ClCompile Include="coronawinrt.EditObjectRequest.cpp" />
    <ClCompile Include="coronawinrt.EditObjectResponse.cpp" />
    <ClCompile Include="coronawinrt.FieldDefinition.cpp" />
    <ClCompile Include="coronawinrt.FieldOptions.cpp" />
    <ClCompile Include="coronawinrt.GetClassesRequest.cpp" />
    <ClCompile Include="coronawinrt.GetClassesResponse.cpp" />
    <ClCompile Include="coronawinrt.GetClassRequest.cpp" />
    <ClCompile Include="coronawinrt.GetClassResponse.cpp" />
    <ClCompile Include="coronawinrt.GetObjectRequest.cpp" />
    <ClCompile Include="coronawinrt.GetObjectResponse.cpp" />
    <ClCompile Include="coronawinrt.IndexDefinition.cpp" />
    <ClCompile Include="coronawinrt.Int64FieldOptions.cpp" />
    <ClCompile Include="coronawinrt.LocalCoronaClient.cpp" />
    <ClCompile Include="coronawinrt.LoginUserRequest.cpp" />
    <ClCompile Include="coronawinrt.LoginUserResponse.cpp" />
    <ClCompile Include="coronawinrt.ObjectFieldOptions.cpp" />
    <ClCompile Include="coronawinrt.PasswordUserRequest.cpp" />
    <ClCompile Include="coronawinrt.PasswordUserResponse.cpp" />
    <ClCompile Include="coronawinrt.PutClassesRequest.cpp" />
    <ClCompile Include="coronawinrt.PutClassesResponse.cpp" />
    <ClCompile Include="coronawinrt.PutObjectsRequest.cpp" />
    <ClCompile Include="coronawinrt.PutObjectsResponse.cpp" />
    <ClCompile Include="coronawinrt.Query.cpp" />
    <ClCompile Include="coronawinrt.QueryCondition.cpp" />
    <ClCompile Include="coronawinrt.QueryConditionAll.cpp" />
    <ClCompile Include="coronawinrt.QueryConditionAny.cpp" />
    <ClCompile Include="coronawinrt.QueryConditionContains.cpp" />
    <ClCompile Include="coronawinrt.QueryConditionEq.cpp" />
    <ClCompile Include="coronawinrt.QueryConditionGtEq.cpp" />
    <ClCompile Include="coronawinrt.QueryConditionLt.cpp" />
    <ClCompile Include="coronawinrt.QueryConditionLtEq.cpp" />
    <ClCompile Include="coronawinrt.QueryConditionNone.cpp" />
    <ClCompile Include="coronawinrt.QueryFieldOptions.cpp" />
    <ClCompile Include="coronawinrt.QueryFilter.cpp" />
    <ClCompile Include="coronawinrt.QueryFrom.cpp" />
    <ClCompile Include="coronawinrt.QueryJoin.cpp" />
    <ClCompile Include="coronawinrt.QueryObjectsRequest.cpp" />
    <ClCompile Include="coronawinrt.QueryObjectsResponse.cpp" />
    <ClCompile Include="coronawinrt.QueryProject.cpp" />
    <ClCompile Include="coronawinrt.QueryProjectField.cpp" />
    <ClCompile Include="coronawinrt.QueryStage.cpp" />
    <ClCompile Include="coronawinrt.RemoteCoronaClient.cpp" />
    <ClCompile Include="coronawinrt.RunObjectRequest.cpp" />
    <ClCompile Include="coronawinrt.RunObjectResponse.cpp" />
    <ClCompile Include="coronawinrt.SendUserRequest.cpp" />
    <ClCompile Include="coronawinrt.SendUserResponse.cpp" />
  </ItemGroup>
  <ItemGroup>
    <ClInclude Include="pch.h" />
    <ClInclude Include="coronawinrt.SendUserResponse.h" />
    <ClInclude Include="coronawinrt.ArrayFieldOptions.h" />
    <ClInclude Include="coronawinrt.BaseRequest.h" />
    <ClInclude Include="coronawinrt.BaseResponse.h" />
    <ClInclude Include="coronawinrt.BasicFilter.h" />
    <ClInclude Include="coronawinrt.ClassDefinition.h" />
    <ClInclude Include="coronawinrt.ConfirmUserRequest.h" />
    <ClInclude Include="coronawinrt.ConfirmUserResponse.h" />
    <ClInclude Include="coronawinrt.CopyObjectPath.h" />
    <ClInclude Include="coronawinrt.CopyObjectRequest.h" />
    <ClInclude Include="coronawinrt.CopyObjectResponse.h" />
    <ClInclude Include="coronawinrt.CoronaBaseObject.h" />
    <ClInclude Include="coronawinrt.CoronaObject.h" />
    <ClInclude Include="coronawinrt.CoronaUser.h" />
    <ClInclude Include="coronawinrt.CreateObjectRequest.h" />
    <ClInclude Include="coronawinrt.CreateObjectResponse.h" />
    <ClInclude Include="coronawinrt.CreateUserRequest.h" />
    <ClInclude Include="coronawinrt.CreateUserResponse.h" />
    <ClInclude Include="coronawinrt.DateTimeFieldOptions.h" />
    <ClInclude Include="coronawinrt.DeleteObjectsRequest.h" />
    <ClInclude Include="coronawinrt.DeleteObjectsResponse.h" />
    <ClInclude Include="coronawinrt.DoubleFieldOptions.h" />
    <ClInclude Include="coronawinrt.EditObjectRequest.h" />
    <ClInclude Include="coronawinrt.EditObjectResponse.h" />
    <ClInclude Include="coronawinrt.FieldDefinition.h" />
    <ClInclude Include="coronawinrt.FieldOptions.h" />
    <ClInclude Include="coronawinrt.GetClassesRequest.h" />
    <ClInclude Include="coronawinrt.GetClassesResponse.h" />
    <ClInclude Include="coronawinrt.GetClassRequest.h" />
    <ClInclude Include="coronawinrt.GetClassResponse.h" />
    <ClInclude Include="coronawinrt.GetObjectRequest.h" />
    <ClInclude Include="coronawinrt.GetObjectResponse.h" />
    <ClInclude Include="coronawinrt.IndexDefinition.h" />
    <ClInclude Include="coronawinrt.Int64FieldOptions.h" />
    <ClInclude Include="coronawinrt.LocalCoronaClient.h" />
    <ClInclude Include="coronawinrt.LoginUserRequest.h" />
    <ClInclude Include="coronawinrt.LoginUserResponse.h" />
    <ClInclude Include="coronawinrt.ObjectFieldOptions.h" />
    <ClInclude Include="coronawinrt.PasswordUserRequest.h" />
    <ClInclude Include="coronawinrt.PasswordUserResponse.h" />
    <ClInclude Include="coronawinrt.PutClassesRequest.h" />
    <ClInclude Include="coronawinrt.PutClassesResponse.h" />
    <ClInclude Include="coronawinrt.PutObjectsRequest.h" />
    <ClInclude Include="coronawinrt.PutObjectsResponse.h" />
    <ClInclude Include="coronawinrt.Query.h" />
    <ClInclude Include="coronawinrt.QueryCondition.h" />
    <ClInclude Include="coronawinrt.QueryConditionAll.h" />
    <ClInclude Include="coronawinrt.QueryConditionAny.h" />
    <ClInclude Include="coronawinrt.QueryConditionContains.h" />
    <ClInclude Include="coronawinrt.QueryConditionEq.h" />
    <ClInclude Include="coronawinrt.QueryConditionGtEq.h" />
    <ClInclude Include="coronawinrt.QueryConditionLt.h" />
    <ClInclude Include="coronawinrt.QueryConditionLtEq.h" />
    <ClInclude Include="coronawinrt.QueryConditionNone.h" />
    <ClInclude Include="coronawinrt.QueryFieldOptions.h" />
    <ClInclude Include="coronawinrt.QueryFilter.h" />
    <ClInclude Include="coronawinrt.QueryFrom.h" />
    <ClInclude Include="coronawinrt.QueryJoin.h" />
    <ClInclude Include="coronawinrt.QueryObjectsRequest.h" />
    <ClInclude Include="coronawinrt.QueryObjectsResponse.h" />
    <ClInclude Include="coronawinrt.QueryProject.h" />
    <ClInclude Include="coronawinrt.QueryProjectField.h" />
    <ClInclude Include="coronawinrt.QueryStage.h" />
    <ClInclude Include="coronawinrt.RemoteCoronaClient.h" />
    <ClInclude Include="coronawinrt.RunObjectRequest.h" />
    <ClInclude Include="coronawinrt.RunObjectResponse.h" />
    <ClInclude Include="coronawinrt.SendUserRequest.h" />
  </ItemGroup>
  <ItemGroup>
    <Midl Include="coronaclient.idl" />
  </ItemGroup>
  <ItemGroup>
    <None Include="coronaclient.def" />
    <None Include="packages.config" />
    <None Include="coronaclient_TemporaryKey.pfx" />
  </ItemGroup>
  <ItemGroup>
    <Text Include="readme.txt" />
  </ItemGroup>
  <ItemGroup>
    <Natvis Include="$(MSBuildThisFileDirectory)..\..\natvis\wil.natvis" />
  </ItemGroup>
</Project>