<?xml version="1.0" encoding="utf-8"?>
<Project ToolsVersion="4.0" xmlns="http://schemas.microsoft.com/developer/msbuild/2003">
  <ItemGroup>
    <Filter Include="Source Files">
      <UniqueIdentifier>{4FC737F1-C7A5-4376-A066-2A32D752A2FF}</UniqueIdentifier>
      <Extensions>cpp;c;cc;cxx;c++;cppm;ixx;def;odl;idl;hpj;bat;asm;asmx</Extensions>
    </Filter>
    <Filter Include="Header Files">
      <UniqueIdentifier>{93995380-89BD-4b04-88EB-625FBE52EBFB}</UniqueIdentifier>
      <Extensions>h;hh;hpp;hxx;h++;hm;inl;inc;ipp;xsd</Extensions>
    </Filter>
    <Filter Include="Resource Files">
      <UniqueIdentifier>{67DA6AB6-F800-4c08-8B7A-83BB121AAD01}</UniqueIdentifier>
      <Extensions>rc;ico;cur;bmp;dlg;rc2;rct;bin;rgs;gif;jpg;jpeg;jpe;resx;tiff;tif;png;wav;mfcribbon-ms</Extensions>
    </Filter>
  </ItemGroup>
  <ItemGroup>
    <ClInclude Include="framework.h">
      <Filter>Header Files</Filter>
    </ClInclude>
    <ClInclude Include="targetver.h">
      <Filter>Header Files</Filter>
    </ClInclude>
    <ClInclude Include="Resource.h">
      <Filter>Header Files</Filter>
    </ClInclude>
    <ClInclude Include="wscloud.h">
      <Filter>Header Files</Filter>
    </ClInclude>
    <ClInclude Include="..\corona\corona_platform.h">
      <Filter>Header Files</Filter>
    </ClInclude>
  </ItemGroup>
  <ItemGroup>
    <ClCompile Include="wscloud.cpp">
      <Filter>Source Files</Filter>
    </ClCompile>
    <ClCompile Include="..\corona\corona.database.ixx">
      <Filter>Source Files</Filter>
    </ClCompile>
    <ClCompile Include="..\corona\corona.database-application.ixx">
      <Filter>Source Files</Filter>
    </ClCompile>
    <ClCompile Include="..\corona\corona.database-application_base.ixx">
      <Filter>Source Files</Filter>
    </ClCompile>
    <ClCompile Include="..\corona\corona.database-assert_if.ixx">
      <Filter>Source Files</Filter>
    </ClCompile>
    <ClCompile Include="..\corona\corona.database-bitmap_filters.ixx">
      <Filter>Source Files</Filter>
    </ClCompile>
    <ClCompile Include="..\corona\corona.database-bitmaps.ixx">
      <Filter>Source Files</Filter>
    </ClCompile>
    <ClCompile Include="..\corona\corona.database-brushes.ixx">
      <Filter>Source Files</Filter>
    </ClCompile>
    <ClCompile Include="..\corona\corona.database-collection_id_box.ixx">
      <Filter>Source Files</Filter>
    </ClCompile>
    <ClCompile Include="..\corona\corona.database-color_box.ixx">
      <Filter>Source Files</Filter>
    </ClCompile>
    <ClCompile Include="..\corona\corona.database-concept_lock.ixx">
      <Filter>Source Files</Filter>
    </ClCompile>
    <ClCompile Include="..\corona\corona.database-constants.ixx">
      <Filter>Source Files</Filter>
    </ClCompile>
    <ClCompile Include="..\corona\corona.database-controller.ixx">
      <Filter>Source Files</Filter>
    </ClCompile>
    <ClCompile Include="..\corona\corona.database-datatransfer.ixx">
      <Filter>Source Files</Filter>
    </ClCompile>
    <ClCompile Include="..\corona\corona.database-direct2dcontext.ixx">
      <Filter>Source Files</Filter>
    </ClCompile>
    <ClCompile Include="..\corona\corona.database-direct2dcontextbase.ixx">
      <Filter>Source Files</Filter>
    </ClCompile>
    <ClCompile Include="..\corona\corona.database-direct2dresources.ixx">
      <Filter>Source Files</Filter>
    </ClCompile>
    <ClCompile Include="..\corona\corona.database-direct2dwindow.ixx">
      <Filter>Source Files</Filter>
    </ClCompile>
    <ClCompile Include="..\corona\corona.database-directapplication.ixx">
      <Filter>Source Files</Filter>
    </ClCompile>
    <ClCompile Include="..\corona\corona.database-directory.ixx">
      <Filter>Source Files</Filter>
    </ClCompile>
    <ClCompile Include="..\corona\corona.database-directxadapter.ixx">
      <Filter>Source Files</Filter>
    </ClCompile>
    <ClCompile Include="..\corona\corona.database-directxadapterbase.ixx">
      <Filter>Source Files</Filter>
    </ClCompile>
    <ClCompile Include="..\corona\corona.database-directxdevices.ixx">
      <Filter>Source Files</Filter>
    </ClCompile>
    <ClCompile Include="..\corona\corona.database-file.ixx">
      <Filter>Source Files</Filter>
    </ClCompile>
    <ClCompile Include="..\corona\corona.database-filterable_iterator.ixx">
      <Filter>Source Files</Filter>
    </ClCompile>
    <ClCompile Include="..\corona\corona.database-float_box.ixx">
      <Filter>Source Files</Filter>
    </ClCompile>
    <ClCompile Include="..\corona\corona.database-function.ixx">
      <Filter>Source Files</Filter>
    </ClCompile>
    <ClCompile Include="..\corona\corona.database-grouping.ixx">
      <Filter>Source Files</Filter>
    </ClCompile>
    <ClCompile Include="..\corona\corona.database-iarray.ixx">
      <Filter>Source Files</Filter>
    </ClCompile>
    <ClCompile Include="..\corona\corona.database-image_box.ixx">
      <Filter>Source Files</Filter>
    </ClCompile>
    <ClCompile Include="..\corona\corona.database-int_box.ixx">
      <Filter>Source Files</Filter>
    </ClCompile>
    <ClCompile Include="..\corona\corona.database-jdatabase_server.ixx">
      <Filter>Source Files</Filter>
    </ClCompile>
    <ClCompile Include="..\corona\corona.database-jfield.ixx">
      <Filter>Source Files</Filter>
    </ClCompile>
    <ClCompile Include="..\corona\corona.database-jobject.ixx">
      <Filter>Source Files</Filter>
    </ClCompile>
    <ClCompile Include="..\corona\corona.database-jvalue.ixx">
      <Filter>Source Files</Filter>
    </ClCompile>
    <ClCompile Include="..\corona\corona.database-layout_rect_box.ixx">
      <Filter>Source Files</Filter>
    </ClCompile>
    <ClCompile Include="..\corona\corona.database-list_box.ixx">
      <Filter>Source Files</Filter>
    </ClCompile>
    <ClCompile Include="..\corona\corona.database-messages.ixx">
      <Filter>Source Files</Filter>
    </ClCompile>
    <ClCompile Include="..\corona\corona.database-midi_box.ixx">
      <Filter>Source Files</Filter>
    </ClCompile>
    <ClCompile Include="..\corona\corona.database-object_id_box.ixx">
      <Filter>Source Files</Filter>
    </ClCompile>
    <ClCompile Include="..\corona\corona.database-paths.ixx">
      <Filter>Source Files</Filter>
    </ClCompile>
    <ClCompile Include="..\corona\corona.database-point_box.ixx">
      <Filter>Source Files</Filter>
    </ClCompile>
    <ClCompile Include="..\corona\corona.database-presentation.ixx">
      <Filter>Source Files</Filter>
    </ClCompile>
    <ClCompile Include="..\corona\corona.database-queue.ixx">
      <Filter>Source Files</Filter>
    </ClCompile>
    <ClCompile Include="..\corona\corona.database-read_all_string.ixx">
      <Filter>Source Files</Filter>
    </ClCompile>
    <ClCompile Include="..\corona\corona.database-rectangle_box.ixx">
      <Filter>Source Files</Filter>
    </ClCompile>
    <ClCompile Include="..\corona\corona.database-skip_list.ixx">
      <Filter>Source Files</Filter>
    </ClCompile>
    <ClCompile Include="..\corona\corona.database-sorted_index.ixx">
      <Filter>Source Files</Filter>
    </ClCompile>
    <ClCompile Include="..\corona\corona.database-store_box.ixx">
      <Filter>Source Files</Filter>
    </ClCompile>
    <ClCompile Include="..\corona\corona.database-store_box_file.ixx">
      <Filter>Source Files</Filter>
    </ClCompile>
    <ClCompile Include="..\corona\corona.database-string_box.ixx">
      <Filter>Source Files</Filter>
    </ClCompile>
    <ClCompile Include="..\corona\corona.database-styles.ixx">
      <Filter>Source Files</Filter>
    </ClCompile>
    <ClCompile Include="..\corona\corona.database-table.ixx">
      <Filter>Source Files</Filter>
    </ClCompile>
    <ClCompile Include="..\corona\corona.database-textstyles.ixx">
      <Filter>Source Files</Filter>
    </ClCompile>
    <ClCompile Include="..\corona\corona.database-time_box.ixx">
      <Filter>Source Files</Filter>
    </ClCompile>
    <ClCompile Include="..\corona\corona.database-utility.ixx">
      <Filter>Source Files</Filter>
    </ClCompile>
    <ClCompile Include="..\corona\corona.database-visual.ixx">
      <Filter>Source Files</Filter>
    </ClCompile>
    <ClCompile Include="..\corona\corona.database-wave_box.ixx">
      <Filter>Source Files</Filter>
    </ClCompile>
    <ClCompile Include="..\corona\corona.ixx">
      <Filter>Source Files</Filter>
    </ClCompile>
  </ItemGroup>
  <ItemGroup>
    <ResourceCompile Include="wscloud.rc">
      <Filter>Resource Files</Filter>
    </ResourceCompile>
  </ItemGroup>
  <ItemGroup>
    <Image Include="small.ico">
      <Filter>Resource Files</Filter>
    </Image>
    <Image Include="wscloud.ico">
      <Filter>Resource Files</Filter>
    </Image>
    <Image Include="..\wspropose\assets\small_logo.png">
      <Filter>Resource Files</Filter>
    </Image>
  </ItemGroup>
  <ItemGroup>
    <None Include="packages.config" />
    <None Include="corona\corona.database-assert_if.ixx.ifc" />
    <None Include="corona\corona.database-concept_lock.ixx.ifc" />
    <None Include="corona\corona.database-constants.ixx.ifc" />
    <None Include="corona\corona.database-float_box.ixx.ifc" />
    <None Include="corona\corona.database-layout_rect_box.ixx.ifc" />
    <None Include="corona\corona.database-queue.ixx.ifc" />
    <None Include="corona\corona.database-read_all_string.ixx.ifc" />
    <None Include="corona\corona.database-store_box.ixx.ifc" />
    <None Include="corona\corona.database-string_box.ixx.ifc" />
    <None Include="corona\corona.database-time_box.ixx.ifc" />
    <None Include="corona\corona.database-utility.ixx.ifc" />
  </ItemGroup>
</Project>